
Microsoft Visual Studio Solution File, Format Version 12.00
# Visual Studio 15
VisualStudioVersion = 15.0.28307.106
MinimumVisualStudioVersion = 10.0.40219.1
Project("{9A19103F-16F7-4668-BE54-9A1E7A4F7556}") = "XO_Server", "XOServer\XO_Server.csproj", "{F77AF7C4-DF47-4E63-A4AF-864E93DED5D3}"
EndProject
Global
	GlobalSection(SolutionConfigurationPlatforms) = preSolution
		Debug|Any CPU = Debug|Any CPU
		Release|Any CPU = Release|Any CPU
	EndGlobalSection
	GlobalSection(ProjectConfigurationPlatforms) = postSolution
		{F77AF7C4-DF47-4E63-A4AF-864E93DED5D3}.Debug|Any CPU.ActiveCfg = Debug|Any CPU
		{F77AF7C4-DF47-4E63-A4AF-864E93DED5D3}.Debug|Any CPU.Build.0 = Debug|Any CPU
		{F77AF7C4-DF47-4E63-A4AF-864E93DED5D3}.Release|Any CPU.ActiveCfg = Release|Any CPU
		{F77AF7C4-DF47-4E63-A4AF-864E93DED5D3}.Release|Any CPU.Build.0 = Release|Any CPU
	EndGlobalSection
	GlobalSection(SolutionProperties) = preSolution
		HideSolutionNode = FALSE
	EndGlobalSection
	GlobalSection(ExtensibilityGlobals) = postSolution
		SolutionGuid = {AE33E16C-E2E3-454B-ACA9-305FC4BED5B3}
	EndGlobalSection
EndGlobal
